# This file is automatically @generated by Poetry 1.5.0 and should not be changed by hand.

[[package]]
name = "anyio"
version = "3.6.2"
description = "High level compatibility layer for multiple asynchronous event loop implementations"
optional = false
python-versions = ">=3.6.2"
files = [
    {file = "anyio-3.6.2-py3-none-any.whl", hash = "sha256:fbbe32bd270d2a2ef3ed1c5d45041250284e31fc0a4df4a5a6071842051a51e3"},
    {file = "anyio-3.6.2.tar.gz", hash = "sha256:25ea0d673ae30af41a0c442f81cf3b38c7e79fdc7b60335a4c14e05eb0947421"},
]

[package.dependencies]
idna = ">=2.8"
sniffio = ">=1.1"
typing-extensions = {version = "*", markers = "python_version < \"3.8\""}

[package.extras]
doc = ["packaging", "sphinx-autodoc-typehints (>=1.2.0)", "sphinx-rtd-theme"]
test = ["contextlib2", "coverage[toml] (>=4.5)", "hypothesis (>=4.0)", "mock (>=4)", "pytest (>=7.0)", "pytest-mock (>=3.6.1)", "trustme", "uvloop (<0.15)", "uvloop (>=0.15)"]
trio = ["trio (>=0.16,<0.22)"]

[[package]]
name = "certifi"
version = "2023.5.7"
description = "Python package for providing Mozilla's CA Bundle."
optional = false
python-versions = ">=3.6"
files = [
    {file = "certifi-2023.5.7-py3-none-any.whl", hash = "sha256:c6c2e98f5c7869efca1f8916fed228dd91539f9f1b444c314c06eef02980c716"},
    {file = "certifi-2023.5.7.tar.gz", hash = "sha256:0f0d56dc5a6ad56fd4ba36484d6cc34451e1c6548c61daad8c320169f91eddc7"},
]

[[package]]
name = "colorama"
version = "0.4.6"
description = "Cross-platform colored terminal text."
optional = false
python-versions = "!=3.0.*,!=3.1.*,!=3.2.*,!=3.3.*,!=3.4.*,!=3.5.*,!=3.6.*,>=2.7"
files = [
    {file = "colorama-0.4.6-py2.py3-none-any.whl", hash = "sha256:4f1d9991f5acc0ca119f9d443620b77f9d6b33703e51011c16baf57afb285fc6"},
    {file = "colorama-0.4.6.tar.gz", hash = "sha256:08695f5cb7ed6e0531a20572697297273c47b8cae5a63ffc6d6ed5c201be6e44"},
]

[[package]]
name = "coverage"
version = "7.2.6"
description = "Code coverage measurement for Python"
optional = false
python-versions = ">=3.7"
files = [
    {file = "coverage-7.2.6-cp310-cp310-macosx_10_9_x86_64.whl", hash = "sha256:496b86f1fc9c81a1cd53d8842ef712e950a4611bba0c42d33366a7b91ba969ec"},
    {file = "coverage-7.2.6-cp310-cp310-macosx_11_0_arm64.whl", hash = "sha256:fbe6e8c0a9a7193ba10ee52977d4d5e7652957c1f56ccefed0701db8801a2a3b"},
    {file = "coverage-7.2.6-cp310-cp310-manylinux_2_17_aarch64.manylinux2014_aarch64.whl", hash = "sha256:76d06b721c2550c01a60e5d3093f417168658fb454e5dfd9a23570e9bffe39a1"},
    {file = "coverage-7.2.6-cp310-cp310-manylinux_2_5_i686.manylinux1_i686.manylinux_2_17_i686.manylinux2014_i686.whl", hash = "sha256:77a04b84d01f0e12c66f16e69e92616442dc675bbe51b90bfb074b1e5d1c7fbd"},
    {file = "coverage-7.2.6-cp310-cp310-manylinux_2_5_x86_64.manylinux1_x86_64.manylinux_2_17_x86_64.manylinux2014_x86_64.whl", hash = "sha256:35db06450272473eab4449e9c2ad9bc6a0a68dab8e81a0eae6b50d9c2838767e"},
    {file = "coverage-7.2.6-cp310-cp310-musllinux_1_1_aarch64.whl", hash = "sha256:6727a0d929ff0028b1ed8b3e7f8701670b1d7032f219110b55476bb60c390bfb"},
    {file = "coverage-7.2.6-cp310-cp310-musllinux_1_1_i686.whl", hash = "sha256:aac1d5fdc5378f6bac2c0c7ebe7635a6809f5b4376f6cf5d43243c1917a67087"},
    {file = "coverage-7.2.6-cp310-cp310-musllinux_1_1_x86_64.whl", hash = "sha256:1c9e4a5eb1bbc3675ee57bc31f8eea4cd7fb0cbcbe4912cf1cb2bf3b754f4a80"},
    {file = "coverage-7.2.6-cp310-cp310-win32.whl", hash = "sha256:71f739f97f5f80627f1fee2331e63261355fd1e9a9cce0016394b6707ac3f4ec"},
    {file = "coverage-7.2.6-cp310-cp310-win_amd64.whl", hash = "sha256:fde5c7a9d9864d3e07992f66767a9817f24324f354caa3d8129735a3dc74f126"},
    {file = "coverage-7.2.6-cp311-cp311-macosx_10_9_x86_64.whl", hash = "sha256:bc7b667f8654376e9353dd93e55e12ce2a59fb6d8e29fce40de682273425e044"},
    {file = "coverage-7.2.6-cp311-cp311-macosx_11_0_arm64.whl", hash = "sha256:697f4742aa3f26c107ddcb2b1784a74fe40180014edbd9adaa574eac0529914c"},
    {file = "coverage-7.2.6-cp311-cp311-manylinux_2_17_aarch64.manylinux2014_aarch64.whl", hash = "sha256:541280dde49ce74a4262c5e395b48ea1207e78454788887118c421cb4ffbfcac"},
    {file = "coverage-7.2.6-cp311-cp311-manylinux_2_5_i686.manylinux1_i686.manylinux_2_17_i686.manylinux2014_i686.whl", hash = "sha256:6e7f1a8328eeec34c54f1d5968a708b50fc38d31e62ca8b0560e84a968fbf9a9"},
    {file = "coverage-7.2.6-cp311-cp311-manylinux_2_5_x86_64.manylinux1_x86_64.manylinux_2_17_x86_64.manylinux2014_x86_64.whl", hash = "sha256:4bbd58eb5a2371bf160590f4262109f66b6043b0b991930693134cb617bc0169"},
    {file = "coverage-7.2.6-cp311-cp311-musllinux_1_1_aarch64.whl", hash = "sha256:ae82c5f168d2a39a5d69a12a69d4dc23837a43cf2ca99be60dfe59996ea6b113"},
    {file = "coverage-7.2.6-cp311-cp311-musllinux_1_1_i686.whl", hash = "sha256:f5440cdaf3099e7ab17a5a7065aed59aff8c8b079597b61c1f8be6f32fe60636"},
    {file = "coverage-7.2.6-cp311-cp311-musllinux_1_1_x86_64.whl", hash = "sha256:a6f03f87fea579d55e0b690d28f5042ec1368650466520fbc400e7aeaf09e995"},
    {file = "coverage-7.2.6-cp311-cp311-win32.whl", hash = "sha256:dc4d5187ef4d53e0d4c8eaf530233685667844c5fb0b855fea71ae659017854b"},
    {file = "coverage-7.2.6-cp311-cp311-win_amd64.whl", hash = "sha256:c93d52c3dc7b9c65e39473704988602300e3cc1bad08b5ab5b03ca98bbbc68c1"},
    {file = "coverage-7.2.6-cp37-cp37m-macosx_10_9_x86_64.whl", hash = "sha256:42c692b55a647a832025a4c048007034fe77b162b566ad537ce65ad824b12a84"},
    {file = "coverage-7.2.6-cp37-cp37m-manylinux_2_17_aarch64.manylinux2014_aarch64.whl", hash = "sha256:d7786b2fa7809bf835f830779ad285215a04da76293164bb6745796873f0942d"},
    {file = "coverage-7.2.6-cp37-cp37m-manylinux_2_5_i686.manylinux1_i686.manylinux_2_17_i686.manylinux2014_i686.whl", hash = "sha256:25bad4196104761bc26b1dae9b57383826542ec689ff0042f7f4f4dd7a815cba"},
    {file = "coverage-7.2.6-cp37-cp37m-manylinux_2_5_x86_64.manylinux1_x86_64.manylinux_2_17_x86_64.manylinux2014_x86_64.whl", hash = "sha256:2692306d3d4cb32d2cceed1e47cebd6b1d2565c993d6d2eda8e6e6adf53301e6"},
    {file = "coverage-7.2.6-cp37-cp37m-musllinux_1_1_aarch64.whl", hash = "sha256:392154d09bd4473b9d11351ab5d63391f3d5d24d752f27b3be7498b0ee2b5226"},
    {file = "coverage-7.2.6-cp37-cp37m-musllinux_1_1_i686.whl", hash = "sha256:fa079995432037b5e2ef5ddbb270bcd2ded9f52b8e191a5de11fe59a00ea30d8"},
    {file = "coverage-7.2.6-cp37-cp37m-musllinux_1_1_x86_64.whl", hash = "sha256:d712cefff15c712329113b01088ba71bbcef0f7ea58478ca0bbec63a824844cb"},
    {file = "coverage-7.2.6-cp37-cp37m-win32.whl", hash = "sha256:004948e296149644d208964300cb3d98affc5211e9e490e9979af4030b0d6473"},
    {file = "coverage-7.2.6-cp37-cp37m-win_amd64.whl", hash = "sha256:c1d7a31603c3483ac49c1726723b0934f88f2c011c660e6471e7bd735c2fa110"},
    {file = "coverage-7.2.6-cp38-cp38-macosx_10_9_x86_64.whl", hash = "sha256:3436927d1794fa6763b89b60c896f9e3bd53212001026ebc9080d23f0c2733c1"},
    {file = "coverage-7.2.6-cp38-cp38-macosx_11_0_arm64.whl", hash = "sha256:44c9b9f1a245f3d0d202b1a8fa666a80b5ecbe4ad5d0859c0fb16a52d9763224"},
    {file = "coverage-7.2.6-cp38-cp38-manylinux_2_17_aarch64.manylinux2014_aarch64.whl", hash = "sha256:4e3783a286d5a93a2921396d50ce45a909aa8f13eee964465012f110f0cbb611"},
    {file = "coverage-7.2.6-cp38-cp38-manylinux_2_5_i686.manylinux1_i686.manylinux_2_17_i686.manylinux2014_i686.whl", hash = "sha256:3cff6980fe7100242170092bb40d2b1cdad79502cd532fd26b12a2b8a5f9aee0"},
    {file = "coverage-7.2.6-cp38-cp38-manylinux_2_5_x86_64.manylinux1_x86_64.manylinux_2_17_x86_64.manylinux2014_x86_64.whl", hash = "sha256:c534431153caffc7c495c3eddf7e6a6033e7f81d78385b4e41611b51e8870446"},
    {file = "coverage-7.2.6-cp38-cp38-musllinux_1_1_aarch64.whl", hash = "sha256:3062fd5c62df988cea9f2972c593f77fed1182bfddc5a3b12b1e606cb7aba99e"},
    {file = "coverage-7.2.6-cp38-cp38-musllinux_1_1_i686.whl", hash = "sha256:6284a2005e4f8061c58c814b1600ad0074ccb0289fe61ea709655c5969877b70"},
    {file = "coverage-7.2.6-cp38-cp38-musllinux_1_1_x86_64.whl", hash = "sha256:97729e6828643f168a2a3f07848e1b1b94a366b13a9f5aba5484c2215724edc8"},
    {file = "coverage-7.2.6-cp38-cp38-win32.whl", hash = "sha256:dc11b42fa61ff1e788dd095726a0aed6aad9c03d5c5984b54cb9e1e67b276aa5"},
    {file = "coverage-7.2.6-cp38-cp38-win_amd64.whl", hash = "sha256:cbcc874f454ee51f158afd604a315f30c0e31dff1d5d5bf499fc529229d964dd"},
    {file = "coverage-7.2.6-cp39-cp39-macosx_10_9_x86_64.whl", hash = "sha256:d3cacc6a665221108ecdf90517a8028d07a2783df3417d12dcfef1c517e67478"},
    {file = "coverage-7.2.6-cp39-cp39-macosx_11_0_arm64.whl", hash = "sha256:272ab31228a9df857ab5df5d67936d8861464dc89c5d3fab35132626e9369379"},
    {file = "coverage-7.2.6-cp39-cp39-manylinux_2_17_aarch64.manylinux2014_aarch64.whl", hash = "sha256:9a8723ccec4e564d4b9a79923246f7b9a8de4ec55fa03ec4ec804459dade3c4f"},
    {file = "coverage-7.2.6-cp39-cp39-manylinux_2_5_i686.manylinux1_i686.manylinux_2_17_i686.manylinux2014_i686.whl", hash = "sha256:5906f6a84b47f995cd1bf0aca1c72d591c55ee955f98074e93660d64dfc66eb9"},
    {file = "coverage-7.2.6-cp39-cp39-manylinux_2_5_x86_64.manylinux1_x86_64.manylinux_2_17_x86_64.manylinux2014_x86_64.whl", hash = "sha256:52c139b7ab3f0b15f9aad0a3fedef5a1f8c0b2bdc291d88639ca2c97d3682416"},
    {file = "coverage-7.2.6-cp39-cp39-musllinux_1_1_aarch64.whl", hash = "sha256:a5ffd45c6b93c23a8507e2f436983015c6457aa832496b6a095505ca2f63e8f1"},
    {file = "coverage-7.2.6-cp39-cp39-musllinux_1_1_i686.whl", hash = "sha256:4f3c7c19581d471af0e9cb49d928172cd8492cd78a2b7a4e82345d33662929bb"},
    {file = "coverage-7.2.6-cp39-cp39-musllinux_1_1_x86_64.whl", hash = "sha256:2e8c0e79820cdd67978e1120983786422d279e07a381dbf89d03bbb23ec670a6"},
    {file = "coverage-7.2.6-cp39-cp39-win32.whl", hash = "sha256:13cde6bb0e58fb67d09e2f373de3899d1d1e866c5a9ff05d93615f2f54fbd2bb"},
    {file = "coverage-7.2.6-cp39-cp39-win_amd64.whl", hash = "sha256:6b9f64526286255735847aed0221b189486e0b9ed943446936e41b7e44b08783"},
    {file = "coverage-7.2.6-pp37.pp38.pp39-none-any.whl", hash = "sha256:6babcbf1e66e46052442f10833cfc4a0d3554d8276aa37af8531a83ed3c1a01d"},
    {file = "coverage-7.2.6.tar.gz", hash = "sha256:2025f913f2edb0272ef15d00b1f335ff8908c921c8eb2013536fcaf61f5a683d"},
]

[package.dependencies]
tomli = {version = "*", optional = true, markers = "python_full_version <= \"3.11.0a6\" and extra == \"toml\""}

[package.extras]
toml = ["tomli"]

[[package]]
name = "exceptiongroup"
version = "1.1.1"
description = "Backport of PEP 654 (exception groups)"
optional = false
python-versions = ">=3.7"
files = [
    {file = "exceptiongroup-1.1.1-py3-none-any.whl", hash = "sha256:232c37c63e4f682982c8b6459f33a8981039e5fb8756b2074364e5055c498c9e"},
    {file = "exceptiongroup-1.1.1.tar.gz", hash = "sha256:d484c3090ba2889ae2928419117447a14daf3c1231d5e30d0aae34f354f01785"},
]

[package.extras]
test = ["pytest (>=6)"]

[[package]]
name = "h11"
version = "0.14.0"
description = "A pure-Python, bring-your-own-I/O implementation of HTTP/1.1"
optional = false
python-versions = ">=3.7"
files = [
    {file = "h11-0.14.0-py3-none-any.whl", hash = "sha256:e3fe4ac4b851c468cc8363d500db52c2ead036020723024a109d37346efaa761"},
    {file = "h11-0.14.0.tar.gz", hash = "sha256:8f19fbbe99e72420ff35c00b27a34cb9937e902a8b810e2c88300c6f0a3b699d"},
]

[package.dependencies]
typing-extensions = {version = "*", markers = "python_version < \"3.8\""}

[[package]]
name = "httpcore"
version = "0.17.2"
description = "A minimal low-level HTTP client."
optional = false
python-versions = ">=3.7"
files = [
    {file = "httpcore-0.17.2-py3-none-any.whl", hash = "sha256:5581b9c12379c4288fe70f43c710d16060c10080617001e6b22a3b6dbcbefd36"},
    {file = "httpcore-0.17.2.tar.gz", hash = "sha256:125f8375ab60036db632f34f4b627a9ad085048eef7cb7d2616fea0f739f98af"},
]

[package.dependencies]
anyio = ">=3.0,<5.0"
certifi = "*"
h11 = ">=0.13,<0.15"
sniffio = "==1.*"

[package.extras]
http2 = ["h2 (>=3,<5)"]
socks = ["socksio (==1.*)"]

[[package]]
name = "httpx"
version = "0.24.1"
description = "The next generation HTTP client."
optional = false
python-versions = ">=3.7"
files = [
    {file = "httpx-0.24.1-py3-none-any.whl", hash = "sha256:06781eb9ac53cde990577af654bd990a4949de37a28bdb4a230d434f3a30b9bd"},
    {file = "httpx-0.24.1.tar.gz", hash = "sha256:5853a43053df830c20f8110c5e69fe44d035d850b2dfe795e196f00fdb774bdd"},
]

[package.dependencies]
certifi = "*"
httpcore = ">=0.15.0,<0.18.0"
idna = "*"
sniffio = "*"

[package.extras]
brotli = ["brotli", "brotlicffi"]
cli = ["click (==8.*)", "pygments (==2.*)", "rich (>=10,<14)"]
http2 = ["h2 (>=3,<5)"]
socks = ["socksio (==1.*)"]

[[package]]
name = "idna"
version = "3.4"
description = "Internationalized Domain Names in Applications (IDNA)"
optional = false
python-versions = ">=3.5"
files = [
    {file = "idna-3.4-py3-none-any.whl", hash = "sha256:90b77e79eaa3eba6de819a0c442c0b4ceefc341a7a2ab77d7562bf49f425c5c2"},
    {file = "idna-3.4.tar.gz", hash = "sha256:814f528e8dead7d329833b91c5faa87d60bf71824cd12a7530b5526063d02cb4"},
]

[[package]]
name = "importlib-metadata"
version = "6.6.0"
description = "Read metadata from Python packages"
optional = false
python-versions = ">=3.7"
files = [
    {file = "importlib_metadata-6.6.0-py3-none-any.whl", hash = "sha256:43dd286a2cd8995d5eaef7fee2066340423b818ed3fd70adf0bad5f1fac53fed"},
    {file = "importlib_metadata-6.6.0.tar.gz", hash = "sha256:92501cdf9cc66ebd3e612f1b4f0c0765dfa42f0fa38ffb319b6bd84dd675d705"},
]

[package.dependencies]
typing-extensions = {version = ">=3.6.4", markers = "python_version < \"3.8\""}
zipp = ">=0.5"

[package.extras]
docs = ["furo", "jaraco.packaging (>=9)", "jaraco.tidelift (>=1.4)", "rst.linker (>=1.9)", "sphinx (>=3.5)", "sphinx-lint"]
perf = ["ipython"]
testing = ["flake8 (<5)", "flufl.flake8", "importlib-resources (>=1.3)", "packaging", "pyfakefs", "pytest (>=6)", "pytest-black (>=0.3.7)", "pytest-checkdocs (>=2.4)", "pytest-cov", "pytest-enabler (>=1.3)", "pytest-flake8", "pytest-mypy (>=0.9.1)", "pytest-perf (>=0.9.2)"]

[[package]]
name = "iniconfig"
version = "2.0.0"
description = "brain-dead simple config-ini parsing"
optional = false
python-versions = ">=3.7"
files = [
    {file = "iniconfig-2.0.0-py3-none-any.whl", hash = "sha256:b6a85871a79d2e3b22d2d1b94ac2824226a63c6b741c88f7ae975f18b6778374"},
    {file = "iniconfig-2.0.0.tar.gz", hash = "sha256:2d91e135bf72d31a410b17c16da610a82cb55f6b0477d1a902134b24a455b8b3"},
]

[[package]]
name = "markdown-it-py"
version = "2.2.0"
description = "Python port of markdown-it. Markdown parsing, done right!"
optional = false
python-versions = ">=3.7"
files = [
    {file = "markdown-it-py-2.2.0.tar.gz", hash = "sha256:7c9a5e412688bc771c67432cbfebcdd686c93ce6484913dccf06cb5a0bea35a1"},
    {file = "markdown_it_py-2.2.0-py3-none-any.whl", hash = "sha256:5a35f8d1870171d9acc47b99612dc146129b631baf04970128b568f190d0cc30"},
]

[package.dependencies]
mdurl = ">=0.1,<1.0"
typing_extensions = {version = ">=3.7.4", markers = "python_version < \"3.8\""}

[package.extras]
benchmarking = ["psutil", "pytest", "pytest-benchmark"]
code-style = ["pre-commit (>=3.0,<4.0)"]
compare = ["commonmark (>=0.9,<1.0)", "markdown (>=3.4,<4.0)", "mistletoe (>=1.0,<2.0)", "mistune (>=2.0,<3.0)", "panflute (>=2.3,<3.0)"]
linkify = ["linkify-it-py (>=1,<3)"]
plugins = ["mdit-py-plugins"]
profiling = ["gprof2dot"]
rtd = ["attrs", "myst-parser", "pyyaml", "sphinx", "sphinx-copybutton", "sphinx-design", "sphinx_book_theme"]
testing = ["coverage", "pytest", "pytest-cov", "pytest-regressions"]

[[package]]
name = "mdurl"
version = "0.1.2"
description = "Markdown URL utilities"
optional = false
python-versions = ">=3.7"
files = [
    {file = "mdurl-0.1.2-py3-none-any.whl", hash = "sha256:84008a41e51615a49fc9966191ff91509e3c40b939176e643fd50a5c2196b8f8"},
    {file = "mdurl-0.1.2.tar.gz", hash = "sha256:bb413d29f5eea38f31dd4754dd7377d4465116fb207585f97bf925588687c1ba"},
]

[[package]]
name = "packaging"
version = "23.1"
description = "Core utilities for Python packages"
optional = false
python-versions = ">=3.7"
files = [
    {file = "packaging-23.1-py3-none-any.whl", hash = "sha256:994793af429502c4ea2ebf6bf664629d07c1a9fe974af92966e4b8d2df7edc61"},
    {file = "packaging-23.1.tar.gz", hash = "sha256:a392980d2b6cffa644431898be54b0045151319d1e7ec34f0cfed48767dd334f"},
]

[[package]]
name = "pluggy"
version = "1.0.0"
description = "plugin and hook calling mechanisms for python"
optional = false
python-versions = ">=3.6"
files = [
    {file = "pluggy-1.0.0-py2.py3-none-any.whl", hash = "sha256:74134bbf457f031a36d68416e1509f34bd5ccc019f0bcc952c7b909d06b37bd3"},
    {file = "pluggy-1.0.0.tar.gz", hash = "sha256:4224373bacce55f955a878bf9cfa763c1e360858e330072059e10bad68531159"},
]

[package.dependencies]
importlib-metadata = {version = ">=0.12", markers = "python_version < \"3.8\""}

[package.extras]
dev = ["pre-commit", "tox"]
testing = ["pytest", "pytest-benchmark"]

[[package]]
name = "pygments"
version = "2.15.1"
description = "Pygments is a syntax highlighting package written in Python."
optional = false
python-versions = ">=3.7"
files = [
    {file = "Pygments-2.15.1-py3-none-any.whl", hash = "sha256:db2db3deb4b4179f399a09054b023b6a586b76499d36965813c71aa8ed7b5fd1"},
    {file = "Pygments-2.15.1.tar.gz", hash = "sha256:8ace4d3c1dd481894b2005f560ead0f9f19ee64fe983366be1a21e171d12775c"},
]

[package.extras]
plugins = ["importlib-metadata"]

[[package]]
name = "pytest"
version = "7.4.0"
description = "pytest: simple powerful testing with Python"
optional = false
python-versions = ">=3.7"
files = [
    {file = "pytest-7.4.0-py3-none-any.whl", hash = "sha256:78bf16451a2eb8c7a2ea98e32dc119fd2aa758f1d5d66dbf0a59d69a3969df32"},
    {file = "pytest-7.4.0.tar.gz", hash = "sha256:b4bf8c45bd59934ed84001ad51e11b4ee40d40a1229d2c79f9c592b0a3f6bd8a"},
]

[package.dependencies]
colorama = {version = "*", markers = "sys_platform == \"win32\""}
exceptiongroup = {version = ">=1.0.0rc8", markers = "python_version < \"3.11\""}
importlib-metadata = {version = ">=0.12", markers = "python_version < \"3.8\""}
iniconfig = "*"
packaging = "*"
pluggy = ">=0.12,<2.0"
tomli = {version = ">=1.0.0", markers = "python_version < \"3.11\""}

[package.extras]
testing = ["argcomplete", "attrs (>=19.2.0)", "hypothesis (>=3.56)", "mock", "nose", "pygments (>=2.7.2)", "requests", "setuptools", "xmlschema"]

[[package]]
name = "pytest-asyncio"
version = "0.21.0"
description = "Pytest support for asyncio"
optional = false
python-versions = ">=3.7"
files = [
    {file = "pytest-asyncio-0.21.0.tar.gz", hash = "sha256:2b38a496aef56f56b0e87557ec313e11e1ab9276fc3863f6a7be0f1d0e415e1b"},
    {file = "pytest_asyncio-0.21.0-py3-none-any.whl", hash = "sha256:f2b3366b7cd501a4056858bd39349d5af19742aed2d81660b7998b6341c7eb9c"},
]

[package.dependencies]
pytest = ">=7.0.0"
typing-extensions = {version = ">=3.7.2", markers = "python_version < \"3.8\""}

[package.extras]
docs = ["sphinx (>=5.3)", "sphinx-rtd-theme (>=1.0)"]
testing = ["coverage (>=6.2)", "flaky (>=3.5.0)", "hypothesis (>=5.7.1)", "mypy (>=0.931)", "pytest-trio (>=0.7.0)"]

[[package]]
name = "pytest-cov"
version = "4.1.0"
description = "Pytest plugin for measuring coverage."
optional = false
python-versions = ">=3.7"
files = [
    {file = "pytest-cov-4.1.0.tar.gz", hash = "sha256:3904b13dfbfec47f003b8e77fd5b589cd11904a21ddf1ab38a64f204d6a10ef6"},
    {file = "pytest_cov-4.1.0-py3-none-any.whl", hash = "sha256:6ba70b9e97e69fcc3fb45bfeab2d0a138fb65c4d0d6a41ef33983ad114be8c3a"},
]

[package.dependencies]
coverage = {version = ">=5.2.1", extras = ["toml"]}
pytest = ">=4.6"

[package.extras]
testing = ["fields", "hunter", "process-tests", "pytest-xdist", "six", "virtualenv"]

[[package]]
name = "pytest-mock"
version = "3.11.1"
description = "Thin-wrapper around the mock package for easier use with pytest"
optional = false
python-versions = ">=3.7"
files = [
    {file = "pytest-mock-3.11.1.tar.gz", hash = "sha256:7f6b125602ac6d743e523ae0bfa71e1a697a2f5534064528c6ff84c2f7c2fc7f"},
    {file = "pytest_mock-3.11.1-py3-none-any.whl", hash = "sha256:21c279fff83d70763b05f8874cc9cfb3fcacd6d354247a976f9529d19f9acf39"},
]

[package.dependencies]
pytest = ">=5.0"

[package.extras]
dev = ["pre-commit", "pytest-asyncio", "tox"]

[[package]]
name = "python-dateutil"
version = "2.8.2"
description = "Extensions to the standard Python datetime module"
optional = false
python-versions = "!=3.0.*,!=3.1.*,!=3.2.*,>=2.7"
files = [
    {file = "python-dateutil-2.8.2.tar.gz", hash = "sha256:0123cacc1627ae19ddf3c27a5de5bd67ee4586fbdd6440d9748f8abb483d3e86"},
    {file = "python_dateutil-2.8.2-py2.py3-none-any.whl", hash = "sha256:961d03dc3453ebbc59dbdea9e4e11c5651520a876d0f4db161e8674aae935da9"},
]

[package.dependencies]
six = ">=1.5"

[[package]]
name = "respx"
version = "0.20.1"
description = "A utility for mocking out the Python HTTPX and HTTP Core libraries."
optional = false
python-versions = ">=3.7"
files = [
    {file = "respx-0.20.1-py2.py3-none-any.whl", hash = "sha256:372f06991c03d1f7f480a420a2199d01f1815b6ed5a802f4e4628043a93bd03e"},
    {file = "respx-0.20.1.tar.gz", hash = "sha256:cc47a86d7010806ab65abdcf3b634c56337a737bb5c4d74c19a0dfca83b3bc73"},
]

[package.dependencies]
httpx = ">=0.21.0"

[[package]]
name = "rich"
version = "13.4.2"
description = "Render rich text, tables, progress bars, syntax highlighting, markdown and more to the terminal"
optional = false
python-versions = ">=3.7.0"
files = [
    {file = "rich-13.4.2-py3-none-any.whl", hash = "sha256:8f87bc7ee54675732fa66a05ebfe489e27264caeeff3728c945d25971b6485ec"},
    {file = "rich-13.4.2.tar.gz", hash = "sha256:d653d6bccede5844304c605d5aac802c7cf9621efd700b46c7ec2b51ea914898"},
]

[package.dependencies]
markdown-it-py = ">=2.2.0"
pygments = ">=2.13.0,<3.0.0"
typing-extensions = {version = ">=4.0.0,<5.0", markers = "python_version < \"3.9\""}

[package.extras]
jupyter = ["ipywidgets (>=7.5.1,<9)"]

[[package]]
name = "six"
version = "1.16.0"
description = "Python 2 and 3 compatibility utilities"
optional = false
python-versions = ">=2.7, !=3.0.*, !=3.1.*, !=3.2.*"
files = [
    {file = "six-1.16.0-py2.py3-none-any.whl", hash = "sha256:8abb2f1d86890a2dfb989f9a77cfcfd3e47c2a354b01111771326f8aa26e0254"},
    {file = "six-1.16.0.tar.gz", hash = "sha256:1e61c37477a1626458e36f7b1d82aa5c9b094fa4802892072e49de9c60c4c926"},
]

[[package]]
name = "sniffio"
version = "1.3.0"
description = "Sniff out which async library your code is running under"
optional = false
python-versions = ">=3.7"
files = [
    {file = "sniffio-1.3.0-py3-none-any.whl", hash = "sha256:eecefdce1e5bbfb7ad2eeaabf7c1eeb404d7757c379bd1f7e5cce9d8bf425384"},
    {file = "sniffio-1.3.0.tar.gz", hash = "sha256:e60305c5e5d314f5389259b7f22aaa33d8f7dee49763119234af3755c55b9101"},
]

[[package]]
name = "time-machine"
version = "2.10.0"
description = "Travel through time in your tests."
optional = false
python-versions = ">=3.7"
files = [
    {file = "time_machine-2.10.0-cp310-cp310-macosx_10_9_universal2.whl", hash = "sha256:2d5e93c14b935d802a310c1d4694a9fe894b48a733ebd641c9a570d6f9e1f667"},
    {file = "time_machine-2.10.0-cp310-cp310-macosx_10_9_x86_64.whl", hash = "sha256:4c0dda6b132c0180941944ede357109016d161d840384c2fb1096a3a2ef619f4"},
    {file = "time_machine-2.10.0-cp310-cp310-manylinux_2_17_aarch64.manylinux2014_aarch64.whl", hash = "sha256:900517e4a4121bf88527343d6aea2b5c99df134815bb8271ef589ec792502a71"},
    {file = "time_machine-2.10.0-cp310-cp310-manylinux_2_5_i686.manylinux1_i686.manylinux_2_17_i686.manylinux2014_i686.whl", hash = "sha256:860279c7f9413bc763b3d1aee622937c4538472e2e58ad668546b49a797cb9fb"},
    {file = "time_machine-2.10.0-cp310-cp310-manylinux_2_5_x86_64.manylinux1_x86_64.manylinux_2_17_x86_64.manylinux2014_x86_64.whl", hash = "sha256:5f451be286d50ec9b685198c7f76cea46538b8c57ec816f60edf5eb68d71c4f4"},
    {file = "time_machine-2.10.0-cp310-cp310-musllinux_1_1_aarch64.whl", hash = "sha256:b1b07f5da833b2d8ea170cdf15a322c6fa2c6f7e9097a1bea435adc597cdcb5d"},
    {file = "time_machine-2.10.0-cp310-cp310-musllinux_1_1_i686.whl", hash = "sha256:6b3a529ecc819488783e371df5ad315e790b9558c6945a236b13d7cb9ab73b9a"},
    {file = "time_machine-2.10.0-cp310-cp310-musllinux_1_1_x86_64.whl", hash = "sha256:51e36491bd4a43f8a937ca7c0d1a2287b8998f41306f47ebed250a02f93d2fe4"},
    {file = "time_machine-2.10.0-cp310-cp310-win32.whl", hash = "sha256:1e9973091ad3272c719dafae35a5bb08fa5433c2902224d0f745657f9e3ac327"},
    {file = "time_machine-2.10.0-cp310-cp310-win_amd64.whl", hash = "sha256:ab82ea5a59faa1faa7397465f2edd94789a13f543daa02d16244906339100080"},
    {file = "time_machine-2.10.0-cp310-cp310-win_arm64.whl", hash = "sha256:55bc6d666966fa2e6283d7433ebe875be37684a847eaa802075433c1ab3a377a"},
    {file = "time_machine-2.10.0-cp311-cp311-macosx_10_9_universal2.whl", hash = "sha256:99fc366cb4fa26d81f12fa36a929db0da89d99909e28231c045e0f1277e0db84"},
    {file = "time_machine-2.10.0-cp311-cp311-macosx_10_9_x86_64.whl", hash = "sha256:5969f325c20bdcb7f8917a6ac2ef328ec41cc2e256320a99dfe38b4080eeae71"},
    {file = "time_machine-2.10.0-cp311-cp311-macosx_13_0_arm64.whl", hash = "sha256:a1a5e283ab47b28205f33fa3c5a2df3fd9f07f09add63dbe76637c3633893a23"},
    {file = "time_machine-2.10.0-cp311-cp311-manylinux_2_17_aarch64.manylinux2014_aarch64.whl", hash = "sha256:4083ec185ab9ece3e5a7ca7a7589114a555f04bcff31b29d4eb47a37e87d97fe"},
    {file = "time_machine-2.10.0-cp311-cp311-manylinux_2_5_i686.manylinux1_i686.manylinux_2_17_i686.manylinux2014_i686.whl", hash = "sha256:cbe45f88399b8af299136435a2363764d5fa6d16a936e4505081b6ea32ff3e18"},
    {file = "time_machine-2.10.0-cp311-cp311-manylinux_2_5_x86_64.manylinux1_x86_64.manylinux_2_17_x86_64.manylinux2014_x86_64.whl", hash = "sha256:3d149a3fae8a06a3593361496ec036a27906fed478ade23ffc01dd402acd0b37"},
    {file = "time_machine-2.10.0-cp311-cp311-musllinux_1_1_aarch64.whl", hash = "sha256:2e05306f63df3c7760170af6e77e1b37405b7c7c4a97cc9fdf0105f1094b1b1c"},
    {file = "time_machine-2.10.0-cp311-cp311-musllinux_1_1_i686.whl", hash = "sha256:3d6d7b7680e34dbe60da34d75d6d5f31b6206c7149c0de8a7b0f0311d0ef7e3a"},
    {file = "time_machine-2.10.0-cp311-cp311-musllinux_1_1_x86_64.whl", hash = "sha256:91b8b06e09e1dfd53dafe272d41b60690d6f8806d7194c62982b003a088dc423"},
    {file = "time_machine-2.10.0-cp311-cp311-win32.whl", hash = "sha256:6241a1742657622ebdcd66cf6045c92e0ec6ca6365c55434cc7fea945008192c"},
    {file = "time_machine-2.10.0-cp311-cp311-win_amd64.whl", hash = "sha256:48cce6dcb7118ba4a58537c6de4d1dd6e7ad6ea15d0257d6e0003b45c4a839c2"},
    {file = "time_machine-2.10.0-cp311-cp311-win_arm64.whl", hash = "sha256:8cb6285095efa0833fd0301e159748a06e950c7744dc3d38e92e7607e2232d5a"},
    {file = "time_machine-2.10.0-cp37-cp37m-macosx_10_9_x86_64.whl", hash = "sha256:8829ca7ed939419c2a23c360101edc51e3b57f40708d304b6aed16214d8b2a1f"},
    {file = "time_machine-2.10.0-cp37-cp37m-manylinux_2_17_aarch64.manylinux2014_aarch64.whl", hash = "sha256:7b5b60bc00ad2efa5fefee117e5611a28b26f563f1a64df118d1d2f2590a679a"},
    {file = "time_machine-2.10.0-cp37-cp37m-manylinux_2_5_i686.manylinux1_i686.manylinux_2_17_i686.manylinux2014_i686.whl", hash = "sha256:b1491fb647568134d38b06e844783d3069f5811405e9a3906eff88d55403e327"},
    {file = "time_machine-2.10.0-cp37-cp37m-manylinux_2_5_x86_64.manylinux1_x86_64.manylinux_2_17_x86_64.manylinux2014_x86_64.whl", hash = "sha256:e78f2759a63fcc7660d283e22054c7cfa7468fad1ad86d0846819b6ea958d63f"},
    {file = "time_machine-2.10.0-cp37-cp37m-musllinux_1_1_aarch64.whl", hash = "sha256:30881f263332245a665a49d0e30fda135597c4e18f2efa9c6759c224419c36a5"},
    {file = "time_machine-2.10.0-cp37-cp37m-musllinux_1_1_i686.whl", hash = "sha256:e93750309093275340e0e95bb270801ec9cbf2ee8702d71031f4ccd8cc91dd7f"},
    {file = "time_machine-2.10.0-cp37-cp37m-musllinux_1_1_x86_64.whl", hash = "sha256:a906bb338a6be978b83f09f09d8b24737239330f280c890ecbf1c13828e1838c"},
    {file = "time_machine-2.10.0-cp37-cp37m-win32.whl", hash = "sha256:10c8b170920d3f83dad2268ae8d5e1d8bb431a85198e32d778e6f3a1f93b172d"},
    {file = "time_machine-2.10.0-cp37-cp37m-win_amd64.whl", hash = "sha256:5efc4cc914d93138944c488fdebd6e4290273e3ac795d5c7a744af29eb04ce0f"},
    {file = "time_machine-2.10.0-cp38-cp38-macosx_10_9_universal2.whl", hash = "sha256:1787887168e36f57d5ca1abf1b9d065a55eb67067df2fa23aaa4382da36f7098"},
    {file = "time_machine-2.10.0-cp38-cp38-macosx_10_9_x86_64.whl", hash = "sha256:26a8cc1f8e9f4f69ea3f50b9b9e3a699e80e44ac9359a867208be6adac30fc60"},
    {file = "time_machine-2.10.0-cp38-cp38-manylinux_2_17_aarch64.manylinux2014_aarch64.whl", hash = "sha256:e07e2c6c299c5509c72cc221a19f4bf680c87c793727a3127a29e18ddad3db13"},
    {file = "time_machine-2.10.0-cp38-cp38-manylinux_2_5_i686.manylinux1_i686.manylinux_2_17_i686.manylinux2014_i686.whl", hash = "sha256:6f3e5f263a623148a448756a332aad45e65a59876fcb2511f7f61213e6d3ec3e"},
    {file = "time_machine-2.10.0-cp38-cp38-manylinux_2_5_x86_64.manylinux1_x86_64.manylinux_2_17_x86_64.manylinux2014_x86_64.whl", hash = "sha256:a2b3abcb48d7ca7ed95e5d99220317b7ce31378636bb020cabfa62f9099e7dad"},
    {file = "time_machine-2.10.0-cp38-cp38-musllinux_1_1_aarch64.whl", hash = "sha256:545a813b7407c33dee388aa380449e79f57f02613ea149c6e907fc9ca3d53e64"},
    {file = "time_machine-2.10.0-cp38-cp38-musllinux_1_1_i686.whl", hash = "sha256:458b52673ec83d10da279d989d7a6ad1e60c93e4ba986210d72e6c78e17102f4"},
    {file = "time_machine-2.10.0-cp38-cp38-musllinux_1_1_x86_64.whl", hash = "sha256:acb2ca50d779d39eab1d0fab48697359e4ffc1aedfa58b79cd3a86ee13253834"},
    {file = "time_machine-2.10.0-cp38-cp38-win32.whl", hash = "sha256:648fec54917a7e67acca38ed8e736b206e8a9688730e13e1cf7a74bcce89dec7"},
    {file = "time_machine-2.10.0-cp38-cp38-win_amd64.whl", hash = "sha256:3ed92d2a6e2c2b7a0c8161ecca5d012041b7ba147cbdfb2b7f62f45c02615111"},
    {file = "time_machine-2.10.0-cp39-cp39-macosx_10_9_universal2.whl", hash = "sha256:6d2588581d3071d556f96954d084b7b99701e54120bb29dfadaab04791ef6ae4"},
    {file = "time_machine-2.10.0-cp39-cp39-macosx_10_9_x86_64.whl", hash = "sha256:185f7a4228e993ddae610e24fb3c7e7891130ebb6a40f42d58ea3be0bfafe1b1"},
    {file = "time_machine-2.10.0-cp39-cp39-manylinux_2_17_aarch64.manylinux2014_aarch64.whl", hash = "sha256:f8225eb813ea9488de99e61569fc1b2d148d236473a84c6758cc436ffef4c043"},
    {file = "time_machine-2.10.0-cp39-cp39-manylinux_2_5_i686.manylinux1_i686.manylinux_2_17_i686.manylinux2014_i686.whl", hash = "sha256:7f03ac22440b00abd1027bfb7dd793dfeffb72dda26f336f4d561835e0ce6117"},
    {file = "time_machine-2.10.0-cp39-cp39-manylinux_2_5_x86_64.manylinux1_x86_64.manylinux_2_17_x86_64.manylinux2014_x86_64.whl", hash = "sha256:4252f4daef831556e6685853d7a61b02910d0465528c549f179ea4e36aaeb14c"},
    {file = "time_machine-2.10.0-cp39-cp39-musllinux_1_1_aarch64.whl", hash = "sha256:58c65bf4775fca62e1678cb234f1ca90254e811d978971c819d2cd24e1b7f136"},
    {file = "time_machine-2.10.0-cp39-cp39-musllinux_1_1_i686.whl", hash = "sha256:8527ac8fca7b92556c3c4c0f08e0bea995202db4be5b7d95b9b2ccbcb63649f2"},
    {file = "time_machine-2.10.0-cp39-cp39-musllinux_1_1_x86_64.whl", hash = "sha256:4684308d749fdb0c22af173b081206d2a5a85d2154a683a7f4a60c4b667f7a65"},
    {file = "time_machine-2.10.0-cp39-cp39-win32.whl", hash = "sha256:2adc24cf25b7e8d08aea2b109cc42c5db76817b07ee709fae5c66afa4ec7bc6e"},
    {file = "time_machine-2.10.0-cp39-cp39-win_amd64.whl", hash = "sha256:36f5be6f3042734fca043bedafbfbb6ad4809352e40b3283cb46b151a823674c"},
    {file = "time_machine-2.10.0-cp39-cp39-win_arm64.whl", hash = "sha256:c1775a949dd830579d1af5a271ec53d920dc01657035ad305f55c5a1ac9b9f1e"},
    {file = "time_machine-2.10.0.tar.gz", hash = "sha256:64fd89678cf589fc5554c311417128b2782222dd65f703bf248ef41541761da0"},
]

[package.dependencies]
python-dateutil = "*"

[[package]]
name = "tomli"
version = "2.0.1"
description = "A lil' TOML parser"
optional = false
python-versions = ">=3.7"
files = [
    {file = "tomli-2.0.1-py3-none-any.whl", hash = "sha256:939de3e7a6161af0c887ef91b7d41a53e7c5a1ca976325f429cb46ea9bc30ecc"},
    {file = "tomli-2.0.1.tar.gz", hash = "sha256:de526c12914f0c550d15924c62d72abc48d6fe7364aa87328337a31007fe8a4f"},
]

[[package]]
name = "typing-extensions"
version = "4.6.1"
description = "Backported and Experimental Type Hints for Python 3.7+"
optional = false
python-versions = ">=3.7"
files = [
    {file = "typing_extensions-4.6.1-py3-none-any.whl", hash = "sha256:6bac751f4789b135c43228e72de18637e9a6c29d12777023a703fd1a6858469f"},
    {file = "typing_extensions-4.6.1.tar.gz", hash = "sha256:558bc0c4145f01e6405f4a5fdbd82050bd221b119f4bf72a961a1cfd471349d6"},
]

[[package]]
name = "zipp"
version = "3.15.0"
description = "Backport of pathlib-compatible object wrapper for zip files"
optional = false
python-versions = ">=3.7"
files = [
    {file = "zipp-3.15.0-py3-none-any.whl", hash = "sha256:48904fc76a60e542af151aded95726c1a5c34ed43ab4134b597665c86d7ad556"},
    {file = "zipp-3.15.0.tar.gz", hash = "sha256:112929ad649da941c23de50f356a2b5570c954b65150642bccdd66bf194d224b"},
]

[package.extras]
docs = ["furo", "jaraco.packaging (>=9)", "jaraco.tidelift (>=1.4)", "rst.linker (>=1.9)", "sphinx (>=3.5)", "sphinx-lint"]
testing = ["big-O", "flake8 (<5)", "jaraco.functools", "jaraco.itertools", "more-itertools", "pytest (>=6)", "pytest-black (>=0.3.7)", "pytest-checkdocs (>=2.4)", "pytest-cov", "pytest-enabler (>=1.3)", "pytest-flake8", "pytest-mypy (>=0.9.1)"]

[metadata]
lock-version = "2.0"
python-versions = "^3.7"
content-hash = "9d94399ff0921940a75deae344fa15e1d85747416b54dd38cb995cf76dd8f54b"
